
Microsoft Visual Studio Solution File, Format Version 12.00
# Visual Studio Version 17
VisualStudioVersion = 17.3.32901.215
MinimumVisualStudioVersion = 10.0.40219.1
Project("{9A19103F-16F7-4668-BE54-9A1E7A4F7556}") = "ProjectTracker", "ProjectTracker\ProjectTracker.csproj", "{C67E1DA7-C588-41F5-ABA1-E5CB94399F6E}"
EndProject
Project("{9A19103F-16F7-4668-BE54-9A1E7A4F7556}") = "ProjectTracker.Infrastructure", "ProjectTracker.Infrastructure\ProjectTracker.Infrastructure.csproj", "{4090B20E-204F-4BDB-9A5C-670CF3C7CB61}"
EndProject
Project("{9A19103F-16F7-4668-BE54-9A1E7A4F7556}") = "ProjectTracker.Core", "ProjectTracker.Core\ProjectTracker.Core.csproj", "{92718CE1-11FA-42BC-8F1F-F7FCED7FB773}"
EndProject
Project("{FAE04EC0-301F-11D3-BF4B-00C04F79EFBC}") = "ProjectTracker.UnitTests", "ProjectTracker.UnitTests\ProjectTracker.UnitTests.csproj", "{2E3D7002-40FB-44BC-B7D4-78A7025A04AB}"
EndProject
Global
	GlobalSection(SolutionConfigurationPlatforms) = preSolution
		Debug|Any CPU = Debug|Any CPU
		Release|Any CPU = Release|Any CPU
	EndGlobalSection
	GlobalSection(ProjectConfigurationPlatforms) = postSolution
		{C67E1DA7-C588-41F5-ABA1-E5CB94399F6E}.Debug|Any CPU.ActiveCfg = Debug|Any CPU
		{C67E1DA7-C588-41F5-ABA1-E5CB94399F6E}.Debug|Any CPU.Build.0 = Debug|Any CPU
		{C67E1DA7-C588-41F5-ABA1-E5CB94399F6E}.Release|Any CPU.ActiveCfg = Release|Any CPU
		{C67E1DA7-C588-41F5-ABA1-E5CB94399F6E}.Release|Any CPU.Build.0 = Release|Any CPU
		{4090B20E-204F-4BDB-9A5C-670CF3C7CB61}.Debug|Any CPU.ActiveCfg = Debug|Any CPU
		{4090B20E-204F-4BDB-9A5C-670CF3C7CB61}.Debug|Any CPU.Build.0 = Debug|Any CPU
		{4090B20E-204F-4BDB-9A5C-670CF3C7CB61}.Release|Any CPU.ActiveCfg = Release|Any CPU
		{4090B20E-204F-4BDB-9A5C-670CF3C7CB61}.Release|Any CPU.Build.0 = Release|Any CPU
		{92718CE1-11FA-42BC-8F1F-F7FCED7FB773}.Debug|Any CPU.ActiveCfg = Debug|Any CPU
		{92718CE1-11FA-42BC-8F1F-F7FCED7FB773}.Debug|Any CPU.Build.0 = Debug|Any CPU
		{92718CE1-11FA-42BC-8F1F-F7FCED7FB773}.Release|Any CPU.ActiveCfg = Release|Any CPU
		{92718CE1-11FA-42BC-8F1F-F7FCED7FB773}.Release|Any CPU.Build.0 = Release|Any CPU
		{2E3D7002-40FB-44BC-B7D4-78A7025A04AB}.Debug|Any CPU.ActiveCfg = Debug|Any CPU
		{2E3D7002-40FB-44BC-B7D4-78A7025A04AB}.Debug|Any CPU.Build.0 = Debug|Any CPU
		{2E3D7002-40FB-44BC-B7D4-78A7025A04AB}.Release|Any CPU.ActiveCfg = Release|Any CPU
		{2E3D7002-40FB-44BC-B7D4-78A7025A04AB}.Release|Any CPU.Build.0 = Release|Any CPU
	EndGlobalSection
	GlobalSection(SolutionProperties) = preSolution
		HideSolutionNode = FALSE
	EndGlobalSection
	GlobalSection(ExtensibilityGlobals) = postSolution
		SolutionGuid = {AB7A7112-F703-44C8-BEF9-2AF562DFC545}
	EndGlobalSection
EndGlobal
