
Microsoft Visual Studio Solution File, Format Version 12.00
# Visual Studio Version 17
VisualStudioVersion = 17.3.32901.215
MinimumVisualStudioVersion = 10.0.40219.1
Project("{FAE04EC0-301F-11D3-BF4B-00C04F79EFBC}") = "ProjectTracker", "ProjectTracker\ProjectTracker.csproj", "{C67E1DA7-C588-41F5-ABA1-E5CB94399F6E}"
EndProject
Global
	GlobalSection(SolutionConfigurationPlatforms) = preSolution
		Debug|Any CPU = Debug|Any CPU
		Release|Any CPU = Release|Any CPU
	EndGlobalSection
	GlobalSection(ProjectConfigurationPlatforms) = postSolution
		{C67E1DA7-C588-41F5-ABA1-E5CB94399F6E}.Debug|Any CPU.ActiveCfg = Debug|Any CPU
		{C67E1DA7-C588-41F5-ABA1-E5CB94399F6E}.Debug|Any CPU.Build.0 = Debug|Any CPU
		{C67E1DA7-C588-41F5-ABA1-E5CB94399F6E}.Release|Any CPU.ActiveCfg = Release|Any CPU
		{C67E1DA7-C588-41F5-ABA1-E5CB94399F6E}.Release|Any CPU.Build.0 = Release|Any CPU
	EndGlobalSection
	GlobalSection(SolutionProperties) = preSolution
		HideSolutionNode = FALSE
	EndGlobalSection
	GlobalSection(ExtensibilityGlobals) = postSolution
		SolutionGuid = {AB7A7112-F703-44C8-BEF9-2AF562DFC545}
	EndGlobalSection
EndGlobal
